
Microsoft Visual Studio Solution File, Format Version 12.00
# Visual Studio Version 17
VisualStudioVersion = 17.14.36310.24
MinimumVisualStudioVersion = 10.0.40219.1
Project("{FAE04EC0-301F-11D3-BF4B-00C04F79EFBC}") = "TrainingManagementSystem", "TrainingManagementSystem\TrainingManagementSystem.csproj", "{C00FACDF-C293-4ACE-B7B9-D043D79FBB24}"
EndProject
Global
	GlobalSection(SolutionConfigurationPlatforms) = preSolution
		Debug|Any CPU = Debug|Any CPU
		Release|Any CPU = Release|Any CPU
	EndGlobalSection
	GlobalSection(ProjectConfigurationPlatforms) = postSolution
		{C00FACDF-C293-4ACE-B7B9-D043D79FBB24}.Debug|Any CPU.ActiveCfg = Debug|Any CPU
		{C00FACDF-C293-4ACE-B7B9-D043D79FBB24}.Debug|Any CPU.Build.0 = Debug|Any CPU
		{C00FACDF-C293-4ACE-B7B9-D043D79FBB24}.Release|Any CPU.ActiveCfg = Release|Any CPU
		{C00FACDF-C293-4ACE-B7B9-D043D79FBB24}.Release|Any CPU.Build.0 = Release|Any CPU
	EndGlobalSection
	GlobalSection(SolutionProperties) = preSolution
		HideSolutionNode = FALSE
	EndGlobalSection
	GlobalSection(ExtensibilityGlobals) = postSolution
		SolutionGuid = {15CB5CEB-F2DC-4D59-A78D-E28E6FBDF657}
	EndGlobalSection
EndGlobal
